// !$*UTF8*$!
{
	archiveVersion = 1;
	classes = {
	};
	objectVersion = 56;
	objects = {

/* Begin PBXBuildFile section */
		WR00001241D1A1D00000200 /* WebRTCAECBridge.mm in Sources */ = {isa = PBXBuildFile; fileRef = WR00002241D1A1D00000201 /* WebRTCAECBridge.mm */; };
		WR00003241D1A1D00000202 /* EchoCancellationServiceWebRTC.swift in Sources */ = {isa = PBXBuildFile; fileRef = WR00004241D1A1D00000203 /* EchoCancellationServiceWebRTC.swift */; };
		WR00005241D1A1D00000204 /* AudioRingBuffer.swift in Sources */ = {isa = PBXBuildFile; fileRef = WR00006241D1A1D00000205 /* AudioRingBuffer.swift */; };
		BI00001241D1A1D00000103 /* BuildInfo.swift in Sources */ = {isa = PBXBuildFile; fileRef = BI00002241D1A1D00000103 /* BuildInfo.swift */; };
		DL00001241D1A1D00000100 /* DiagnosticLogger.swift in Sources */ = {isa = PBXBuildFile; fileRef = DL00002241D1A1D00000100 /* DiagnosticLogger.swift */; };
		DI00001241D1A1D00000101 /* DebugInfoView.swift in Sources */ = {isa = PBXBuildFile; fileRef = DI00002241D1A1D00000101 /* DebugInfoView.swift */; };
		HL00001241D1A1D00000102 /* HoverableLink.swift in Sources */ = {isa = PBXBuildFile; fileRef = HL00002241D1A1D00000102 /* HoverableLink.swift */; };
		A1000001241D1A1D00000001 /* MuesliApp.swift in Sources */ = {isa = PBXBuildFile; fileRef = A1000002241D1A1D00000001 /* MuesliApp.swift */; };
		A1000005241D1A1D00000001 /* Assets.xcassets in Resources */ = {isa = PBXBuildFile; fileRef = A1000006241D1A1D00000001 /* Assets.xcassets */; };
		A1000007241D1A1D00000001 /* WhisperKit in Frameworks */ = {isa = PBXBuildFile; productRef = A1000008241D1A1D00000001 /* WhisperKit */; };
		A1000090241D1A1D00000030 /* MLXLLM in Frameworks */ = {isa = PBXBuildFile; productRef = A1000091241D1A1D00000030 /* MLXLLM */; };
		A1000093241D1A1D00000031 /* MLXLMCommon in Frameworks */ = {isa = PBXBuildFile; productRef = A1000094241D1A1D00000031 /* MLXLMCommon */; };
		A1000021241D1A1D00000001 /* MeetingApp.swift in Sources */ = {isa = PBXBuildFile; fileRef = A1000022241D1A1D00000001 /* MeetingApp.swift */; };
		A1000081241D1A1D00000020 /* TranscriptBlock.swift in Sources */ = {isa = PBXBuildFile; fileRef = A1000080241D1A1D00000020 /* TranscriptBlock.swift */; };
		A1000083241D1A1D00000021 /* TranscriptProcessor.swift in Sources */ = {isa = PBXBuildFile; fileRef = A1000082241D1A1D00000021 /* TranscriptProcessor.swift */; };
		A1000085241D1A1D00000022 /* LLMStitchingService.swift in Sources */ = {isa = PBXBuildFile; fileRef = A1000084241D1A1D00000022 /* LLMStitchingService.swift */; };
		A1000087241D1A1D00000023 /* LLMManager.swift in Sources */ = {isa = PBXBuildFile; fileRef = A1000086241D1A1D00000023 /* LLMManager.swift */; };
		A1000089241D1A1D00000024 /* TranscriptBlockView.swift in Sources */ = {isa = PBXBuildFile; fileRef = A1000088241D1A1D00000024 /* TranscriptBlockView.swift */; };
		A1000090241D1A1D00000025 /* TranscriptRefinementService.swift in Sources */ = {isa = PBXBuildFile; fileRef = A1000091241D1A1D00000025 /* TranscriptRefinementService.swift */; };
		A1000096241D1A1D00000028 /* EchoCancellationService.swift in Sources */ = {isa = PBXBuildFile; fileRef = A1000097241D1A1D00000028 /* EchoCancellationService.swift */; };
		A1000092241D1A1D00000026 /* RefineTranscriptSheet.swift in Sources */ = {isa = PBXBuildFile; fileRef = A1000093241D1A1D00000026 /* RefineTranscriptSheet.swift */; };
		A1000094241D1A1D00000027 /* ResumeControlPane.swift in Sources */ = {isa = PBXBuildFile; fileRef = A1000095241D1A1D00000027 /* ResumeControlPane.swift */; };
		A1000023241D1A1D00000001 /* MuesliViewModel.swift in Sources */ = {isa = PBXBuildFile; fileRef = A1000024241D1A1D00000001 /* MuesliViewModel.swift */; };
		A1000025241D1A1D00000001 /* MenuBarView.swift in Sources */ = {isa = PBXBuildFile; fileRef = A1000026241D1A1D00000001 /* MenuBarView.swift */; };
		A1000027241D1A1D00000001 /* MainWindow.swift in Sources */ = {isa = PBXBuildFile; fileRef = A1000028241D1A1D00000001 /* MainWindow.swift */; };
		A1000029241D1A1D00000002 /* AudioCaptureService.swift in Sources */ = {isa = PBXBuildFile; fileRef = A100002A241D1A1D00000002 /* AudioCaptureService.swift */; };
		A100002B241D1A1D00000002 /* FileOutputService.swift in Sources */ = {isa = PBXBuildFile; fileRef = A100002C241D1A1D00000002 /* FileOutputService.swift */; };
		A100002D241D1A1D00000002 /* MeetingAppDetector.swift in Sources */ = {isa = PBXBuildFile; fileRef = A100002E241D1A1D00000002 /* MeetingAppDetector.swift */; };
		A100002E241D1A1D00000003 /* ExportService.swift in Sources */ = {isa = PBXBuildFile; fileRef = A100002F241D1A1D00000003 /* ExportService.swift */; };
	A100002F241D1A1D00000002 /* PermissionManager.swift in Sources */ = {isa = PBXBuildFile; fileRef = A1000030241D1A1D00000002 /* PermissionManager.swift */; };
	UC00001241D1A1D00000099 /* UpdateChecker.swift in Sources */ = {isa = PBXBuildFile; fileRef = UC00002241D1A1D00000099 /* UpdateChecker.swift */; };
	US00001241D1A1D00000098 /* UpdateSheet.swift in Sources */ = {isa = PBXBuildFile; fileRef = US00002241D1A1D00000098 /* UpdateSheet.swift */; };
	UH00001241D1A1D00000097A /* UpdateCheckHelper.swift in Sources */ = {isa = PBXBuildFile; fileRef = UH00002241D1A1D00000097A /* UpdateCheckHelper.swift */; };
	AV00001241D1A1D00000097 /* AboutView.swift in Sources */ = {isa = PBXBuildFile; fileRef = AV00002241D1A1D00000097 /* AboutView.swift */; };
	NM00001241D1A1D00000096 /* NoModelSheet.swift in Sources */ = {isa = PBXBuildFile; fileRef = NM00002241D1A1D00000096 /* NoModelSheet.swift */; };
	A1000032241D1A1D00000003 /* RecordingSession.swift in Sources */ = {isa = PBXBuildFile; fileRef = A1000033241D1A1D00000003 /* RecordingSession.swift */; };
		A1000032241D1A1D00000003A /* RecordingStateMachine.swift in Sources */ = {isa = PBXBuildFile; fileRef = A1000033241D1A1D00000003A /* RecordingStateMachine.swift */; };
		A1000034241D1A1D00000004 /* OnboardingView.swift in Sources */ = {isa = PBXBuildFile; fileRef = A1000035241D1A1D00000004 /* OnboardingView.swift */; };
		A100003C241D1A1D00000006 /* ModelManagementView.swift in Sources */ = {isa = PBXBuildFile; fileRef = A100003D241D1A1D00000006 /* ModelManagementView.swift */; };
		A1000036241D1A1D00000004 /* ModelManager.swift in Sources */ = {isa = PBXBuildFile; fileRef = A1000037241D1A1D00000004 /* ModelManager.swift */; };
		A1000038241D1A1D00000005 /* TranscriptionService.swift in Sources */ = {isa = PBXBuildFile; fileRef = A1000039241D1A1D00000005 /* TranscriptionService.swift */; };
	A100003A241D1A1D00000007 /* MicrophoneManager.swift in Sources */ = {isa = PBXBuildFile; fileRef = A100003B241D1A1D00000007 /* MicrophoneManager.swift */; };
	LF00001241D1A1D00000096A /* LoggerFactory.swift in Sources */ = {isa = PBXBuildFile; fileRef = LF00002241D1A1D00000096A /* LoggerFactory.swift */; };
	A100005C241D1A1D00000008 /* CompletedMeetingWindow.swift in Sources */ = {isa = PBXBuildFile; fileRef = A100005D241D1A1D00000008 /* CompletedMeetingWindow.swift */; };
		A100005E241D1A1D00000008 /* MainWindowView.swift in Sources */ = {isa = PBXBuildFile; fileRef = A100005F241D1A1D00000008 /* MainWindowView.swift */; };
		A1000060241D1A1D00000008 /* MeetingHistoryItem.swift in Sources */ = {isa = PBXBuildFile; fileRef = A1000061241D1A1D00000008 /* MeetingHistoryItem.swift */; };
		A1000062241D1A1D00000008 /* StartRecordingSheet.swift in Sources */ = {isa = PBXBuildFile; fileRef = A1000063241D1A1D00000008 /* StartRecordingSheet.swift */; };
		A1000064241D1A1D00000008 /* UnifiedHistoryView.swift in Sources */ = {isa = PBXBuildFile; fileRef = A1000065241D1A1D00000008 /* UnifiedHistoryView.swift */; };
		A1000066241D1A1D00000008 /* MeetingHistorySidebar.swift in Sources */ = {isa = PBXBuildFile; fileRef = A1000067241D1A1D00000008 /* MeetingHistorySidebar.swift */; };
		A1000068241D1A1D00000008 /* RecordingDetailView.swift in Sources */ = {isa = PBXBuildFile; fileRef = A1000069241D1A1D00000008 /* RecordingDetailView.swift */; };
		A100006A241D1A1D00000008 /* MeetingHistoryService.swift in Sources */ = {isa = PBXBuildFile; fileRef = A100006B241D1A1D00000008 /* MeetingHistoryService.swift */; };
		A1000070241D1A1D00000010 /* MeetingTitlePromptSheet.swift in Sources */ = {isa = PBXBuildFile; fileRef = A1000071241D1A1D00000010 /* MeetingTitlePromptSheet.swift */; };
		A1000072241D1A1D00000011 /* PreferencesView.swift in Sources */ = {isa = PBXBuildFile; fileRef = A1000073241D1A1D00000011 /* PreferencesView.swift */; };
		A1000074241D1A1D00000012 /* RecordingIndicator.swift in Sources */ = {isa = PBXBuildFile; fileRef = A1000075241D1A1D00000012 /* RecordingIndicator.swift */; };
		CT00001241D1A1D00000013 /* CopyTranscriptButton.swift in Sources */ = {isa = PBXBuildFile; fileRef = CT00002241D1A1D00000013 /* CopyTranscriptButton.swift */; };
		DIV0001241D1A1D00000104 /* DownloadIndicatorView.swift in Sources */ = {isa = PBXBuildFile; fileRef = DIV0002241D1A1D00000104 /* DownloadIndicatorView.swift */; };
		C1000001241D1A1D00000050 /* PreferencesManager.swift in Sources */ = {isa = PBXBuildFile; fileRef = C1000002241D1A1D00000050 /* PreferencesManager.swift */; };
		C1000003241D1A1D00000051 /* MeetingHistoryManager.swift in Sources */ = {isa = PBXBuildFile; fileRef = C1000004241D1A1D00000051 /* MeetingHistoryManager.swift */; };
		SW00001241D1A1D00000054 /* ServiceWarning.swift in Sources */ = {isa = PBXBuildFile; fileRef = SW00002241D1A1D00000054 /* ServiceWarning.swift */; };
		WM00001241D1A1D00000055 /* WarningManager.swift in Sources */ = {isa = PBXBuildFile; fileRef = WM00002241D1A1D00000055 /* WarningManager.swift */; };
		WB00001241D1A1D00000056 /* WarningBannerView.swift in Sources */ = {isa = PBXBuildFile; fileRef = WB00002241D1A1D00000056 /* WarningBannerView.swift */; };
		C1000005241D1A1D00000052 /* RefinementCoordinator.swift in Sources */ = {isa = PBXBuildFile; fileRef = C1000006241D1A1D00000052 /* RefinementCoordinator.swift */; };
		C1000007241D1A1D00000053 /* TranscriptionCoordinator.swift in Sources */ = {isa = PBXBuildFile; fileRef = C1000008241D1A1D00000053 /* TranscriptionCoordinator.swift */; };
		D1000001241D1A1D00000060 /* ServiceProtocols.swift in Sources */ = {isa = PBXBuildFile; fileRef = D1000002241D1A1D00000060 /* ServiceProtocols.swift */; };
		E1000001241D1A1D00000070 /* RecordingController.swift in Sources */ = {isa = PBXBuildFile; fileRef = E1000002241D1A1D00000070 /* RecordingController.swift */; };
		E1000003241D1A1D00000071 /* AppStorageKeys.swift in Sources */ = {isa = PBXBuildFile; fileRef = E1000004241D1A1D00000071 /* AppStorageKeys.swift */; };
		E1000005241D1A1D00000072 /* MuesliError.swift in Sources */ = {isa = PBXBuildFile; fileRef = E1000006241D1A1D00000072 /* MuesliError.swift */; };
		F1000001241D1A1D00000080 /* AudioConfiguration.swift in Sources */ = {isa = PBXBuildFile; fileRef = F1000002241D1A1D00000080 /* AudioConfiguration.swift */; };
		114BBE69396045369DA85097 /* ClipboardHelper.swift in Sources */ = {isa = PBXBuildFile; fileRef = 114BBE69396045369DA85098 /* ClipboardHelper.swift */; };
		3BB14EFAA1A14BA98612D5AC /* TimeFormatting.swift in Sources */ = {isa = PBXBuildFile; fileRef = 3BB14EFAA1A14BA98612D5ACA /* TimeFormatting.swift */; };
		TP00001241D1A1D00000105 /* TimeProvider.swift in Sources */ = {isa = PBXBuildFile; fileRef = TP00002241D1A1D00000105 /* TimeProvider.swift */; };
		B1000001241D1A1D00000040 /* MuesliViewModelTests.swift in Sources */ = {isa = PBXBuildFile; fileRef = B1000002241D1A1D00000040 /* MuesliViewModelTests.swift */; };
		B1000003241D1A1D00000040 /* ServiceProtocols.swift in Sources */ = {isa = PBXBuildFile; fileRef = B1000004241D1A1D00000040 /* ServiceProtocols.swift */; };
		B1000005241D1A1D00000040 /* MockAudioCaptureService.swift in Sources */ = {isa = PBXBuildFile; fileRef = B1000006241D1A1D00000040 /* MockAudioCaptureService.swift */; };
		B1000007241D1A1D00000040 /* MockTranscriptionService.swift in Sources */ = {isa = PBXBuildFile; fileRef = B1000008241D1A1D00000040 /* MockTranscriptionService.swift */; };
		B1000009241D1A1D00000040 /* MockFileOutputService.swift in Sources */ = {isa = PBXBuildFile; fileRef = B100000A241D1A1D00000040 /* MockFileOutputService.swift */; };
		B100000B241D1A1D00000040 /* MockMeetingHistoryService.swift in Sources */ = {isa = PBXBuildFile; fileRef = B100000C241D1A1D00000040 /* MockMeetingHistoryService.swift */; };
		B100000D241D1A1D00000040 /* MockMeetingAppDetector.swift in Sources */ = {isa = PBXBuildFile; fileRef = B100000E241D1A1D00000040 /* MockMeetingAppDetector.swift */; };
		B100000F241D1A1D00000040 /* MockPermissionManager.swift in Sources */ = {isa = PBXBuildFile; fileRef = B1000010241D1A1D00000040 /* MockPermissionManager.swift */; };
		B1000011241D1A1D00000040 /* MockMicrophoneManager.swift in Sources */ = {isa = PBXBuildFile; fileRef = B1000012241D1A1D00000040 /* MockMicrophoneManager.swift */; };
		B1000013241D1A1D00000040 /* MockModelManager.swift in Sources */ = {isa = PBXBuildFile; fileRef = B1000014241D1A1D00000040 /* MockModelManager.swift */; };
		B1000015241D1A1D00000040 /* MockLLMManager.swift in Sources */ = {isa = PBXBuildFile; fileRef = B1000016241D1A1D00000040 /* MockLLMManager.swift */; };
		B1000017241D1A1D00000040 /* MockEchoCancellationService.swift in Sources */ = {isa = PBXBuildFile; fileRef = B1000018241D1A1D00000040 /* MockEchoCancellationService.swift */; };
		MTP0001241D1A1D00000106 /* MockTimeProvider.swift in Sources */ = {isa = PBXBuildFile; fileRef = MTP0002241D1A1D00000106 /* MockTimeProvider.swift */; };
		B1000020241D1A1D00000041 /* RecordingControllerTests.swift in Sources */ = {isa = PBXBuildFile; fileRef = B1000021241D1A1D00000041 /* RecordingControllerTests.swift */; };
		B1000023241D1A1D00000042 /* TranscriptionCoordinatorTests.swift in Sources */ = {isa = PBXBuildFile; fileRef = B1000024241D1A1D00000042 /* TranscriptionCoordinatorTests.swift */; };
		B0613F64BBAA48E09FA64C49 /* TimeFormattingTests.swift in Sources */ = {isa = PBXBuildFile; fileRef = B0613F64BBAA48E09FA64C49A /* TimeFormattingTests.swift */; };
		B1000025241D1A1D00000043 /* PreferencesManagerTests.swift in Sources */ = {isa = PBXBuildFile; fileRef = B1000026241D1A1D00000043 /* PreferencesManagerTests.swift */; };
		B1000027241D1A1D00000044 /* PermissionManagerTests.swift in Sources */ = {isa = PBXBuildFile; fileRef = B1000028241D1A1D00000044 /* PermissionManagerTests.swift */; };
		B1000029241D1A1D00000045 /* MicrophoneManagerTests.swift in Sources */ = {isa = PBXBuildFile; fileRef = B1000030241D1A1D00000045 /* MicrophoneManagerTests.swift */; };
		B1000031241D1A1D00000046 /* MeetingHistoryServiceTests.swift in Sources */ = {isa = PBXBuildFile; fileRef = B1000032241D1A1D00000046 /* MeetingHistoryServiceTests.swift */; };
		EC00001241D1A1D00000047 /* EchoCancellationServiceTests.swift in Sources */ = {isa = PBXBuildFile; fileRef = EC00002241D1A1D00000047 /* EchoCancellationServiceTests.swift */; };
/* End PBXBuildFile section */

/* Begin PBXContainerItemProxy section */
		B1000019241D1A1D00000040 /* PBXContainerItemProxy */ = {
			isa = PBXContainerItemProxy;
			containerPortal = A100001A241D1A1D00000001 /* Project object */;
			proxyType = 1;
			remoteGlobalIDString = A1000016241D1A1D00000001;
			remoteInfo = Muesli;
		};
/* End PBXContainerItemProxy section */

/* Begin PBXFileReference section */
		WR00007241D1A1D00000206 /* WebRTCAECBridge.h */ = {isa = PBXFileReference; lastKnownFileType = sourcecode.c.h; path = WebRTCAECBridge.h; sourceTree = "<group>"; };
		WR00002241D1A1D00000201 /* WebRTCAECBridge.mm */ = {isa = PBXFileReference; lastKnownFileType = sourcecode.cpp.objcpp; path = WebRTCAECBridge.mm; sourceTree = "<group>"; };
		WR00004241D1A1D00000203 /* EchoCancellationServiceWebRTC.swift */ = {isa = PBXFileReference; lastKnownFileType = sourcecode.swift; path = EchoCancellationServiceWebRTC.swift; sourceTree = "<group>"; };
		WR00006241D1A1D00000205 /* AudioRingBuffer.swift */ = {isa = PBXFileReference; lastKnownFileType = sourcecode.swift; path = AudioRingBuffer.swift; sourceTree = "<group>"; };
		WR00008241D1A1D00000207 /* Muesli-Bridging-Header.h */ = {isa = PBXFileReference; lastKnownFileType = sourcecode.c.h; path = "Muesli-Bridging-Header.h"; sourceTree = "<group>"; };
		A1000009241D1A1D00000001 /* Muesli.app */ = {isa = PBXFileReference; explicitFileType = wrapper.application; includeInIndex = 0; path = Muesli.app; sourceTree = BUILT_PRODUCTS_DIR; };
		A1000002241D1A1D00000001 /* MuesliApp.swift */ = {isa = PBXFileReference; lastKnownFileType = sourcecode.swift; path = MuesliApp.swift; sourceTree = "<group>"; };
		A1000006241D1A1D00000001 /* Assets.xcassets */ = {isa = PBXFileReference; lastKnownFileType = folder.assetcatalog; path = Assets.xcassets; sourceTree = "<group>"; };
		A100000A241D1A1D00000001 /* Muesli.entitlements */ = {isa = PBXFileReference; lastKnownFileType = text.plist.entitlements; path = Muesli.entitlements; sourceTree = "<group>"; };
		A1000022241D1A1D00000001 /* MeetingApp.swift */ = {isa = PBXFileReference; lastKnownFileType = sourcecode.swift; path = MeetingApp.swift; sourceTree = "<group>"; };
		A1000024241D1A1D00000001 /* MuesliViewModel.swift */ = {isa = PBXFileReference; lastKnownFileType = sourcecode.swift; path = MuesliViewModel.swift; sourceTree = "<group>"; };
		A1000026241D1A1D00000001 /* MenuBarView.swift */ = {isa = PBXFileReference; lastKnownFileType = sourcecode.swift; path = MenuBarView.swift; sourceTree = "<group>"; };
		A1000028241D1A1D00000001 /* MainWindow.swift */ = {isa = PBXFileReference; lastKnownFileType = sourcecode.swift; path = MainWindow.swift; sourceTree = "<group>"; };
		A100002A241D1A1D00000002 /* AudioCaptureService.swift */ = {isa = PBXFileReference; lastKnownFileType = sourcecode.swift; path = AudioCaptureService.swift; sourceTree = "<group>"; };
		A100002C241D1A1D00000002 /* FileOutputService.swift */ = {isa = PBXFileReference; lastKnownFileType = sourcecode.swift; path = FileOutputService.swift; sourceTree = "<group>"; };
		A100002E241D1A1D00000002 /* MeetingAppDetector.swift */ = {isa = PBXFileReference; lastKnownFileType = sourcecode.swift; path = MeetingAppDetector.swift; sourceTree = "<group>"; };
		A100002F241D1A1D00000003 /* ExportService.swift */ = {isa = PBXFileReference; lastKnownFileType = sourcecode.swift; path = ExportService.swift; sourceTree = "<group>"; };
	A1000030241D1A1D00000002 /* PermissionManager.swift */ = {isa = PBXFileReference; lastKnownFileType = sourcecode.swift; path = PermissionManager.swift; sourceTree = "<group>"; };
	BI00002241D1A1D00000103 /* BuildInfo.swift */ = {isa = PBXFileReference; lastKnownFileType = sourcecode.swift; path = BuildInfo.swift; sourceTree = "<group>"; };
	DL00002241D1A1D00000100 /* DiagnosticLogger.swift */ = {isa = PBXFileReference; lastKnownFileType = sourcecode.swift; path = DiagnosticLogger.swift; sourceTree = "<group>"; };
	UC00002241D1A1D00000099 /* UpdateChecker.swift */ = {isa = PBXFileReference; lastKnownFileType = sourcecode.swift; path = UpdateChecker.swift; sourceTree = "<group>"; };
	US00002241D1A1D00000098 /* UpdateSheet.swift */ = {isa = PBXFileReference; lastKnownFileType = sourcecode.swift; path = UpdateSheet.swift; sourceTree = "<group>"; };
	UH00002241D1A1D00000097A /* UpdateCheckHelper.swift */ = {isa = PBXFileReference; lastKnownFileType = sourcecode.swift; path = UpdateCheckHelper.swift; sourceTree = "<group>"; };
	AV00002241D1A1D00000097 /* AboutView.swift */ = {isa = PBXFileReference; lastKnownFileType = sourcecode.swift; path = AboutView.swift; sourceTree = "<group>"; };
	DI00002241D1A1D00000101 /* DebugInfoView.swift */ = {isa = PBXFileReference; lastKnownFileType = sourcecode.swift; path = DebugInfoView.swift; sourceTree = "<group>"; };
	NM00002241D1A1D00000096 /* NoModelSheet.swift */ = {isa = PBXFileReference; lastKnownFileType = sourcecode.swift; path = NoModelSheet.swift; sourceTree = "<group>"; };
	A1000033241D1A1D00000003 /* RecordingSession.swift */ = {isa = PBXFileReference; lastKnownFileType = sourcecode.swift; path = RecordingSession.swift; sourceTree = "<group>"; };
		A1000033241D1A1D00000003A /* RecordingStateMachine.swift */ = {isa = PBXFileReference; lastKnownFileType = sourcecode.swift; path = RecordingStateMachine.swift; sourceTree = "<group>"; };
		A1000035241D1A1D00000004 /* OnboardingView.swift */ = {isa = PBXFileReference; lastKnownFileType = sourcecode.swift; path = OnboardingView.swift; sourceTree = "<group>"; };
		A100003D241D1A1D00000006 /* ModelManagementView.swift */ = {isa = PBXFileReference; lastKnownFileType = sourcecode.swift; path = ModelManagementView.swift; sourceTree = "<group>"; };
		A1000037241D1A1D00000004 /* ModelManager.swift */ = {isa = PBXFileReference; lastKnownFileType = sourcecode.swift; path = ModelManager.swift; sourceTree = "<group>"; };
		A1000039241D1A1D00000005 /* TranscriptionService.swift */ = {isa = PBXFileReference; lastKnownFileType = sourcecode.swift; path = TranscriptionService.swift; sourceTree = "<group>"; };
	A100003B241D1A1D00000007 /* MicrophoneManager.swift */ = {isa = PBXFileReference; lastKnownFileType = sourcecode.swift; path = MicrophoneManager.swift; sourceTree = "<group>"; };
	LF00002241D1A1D00000096A /* LoggerFactory.swift */ = {isa = PBXFileReference; lastKnownFileType = sourcecode.swift; path = LoggerFactory.swift; sourceTree = "<group>"; };
	A100005D241D1A1D00000008 /* CompletedMeetingWindow.swift */ = {isa = PBXFileReference; lastKnownFileType = sourcecode.swift; path = CompletedMeetingWindow.swift; sourceTree = "<group>"; };
		A100005F241D1A1D00000008 /* MainWindowView.swift */ = {isa = PBXFileReference; lastKnownFileType = sourcecode.swift; path = MainWindowView.swift; sourceTree = "<group>"; };
		A1000061241D1A1D00000008 /* MeetingHistoryItem.swift */ = {isa = PBXFileReference; lastKnownFileType = sourcecode.swift; path = MeetingHistoryItem.swift; sourceTree = "<group>"; };
		A1000063241D1A1D00000008 /* StartRecordingSheet.swift */ = {isa = PBXFileReference; lastKnownFileType = sourcecode.swift; path = StartRecordingSheet.swift; sourceTree = "<group>"; };
		A1000065241D1A1D00000008 /* UnifiedHistoryView.swift */ = {isa = PBXFileReference; lastKnownFileType = sourcecode.swift; path = UnifiedHistoryView.swift; sourceTree = "<group>"; };
		A1000067241D1A1D00000008 /* MeetingHistorySidebar.swift */ = {isa = PBXFileReference; lastKnownFileType = sourcecode.swift; path = MeetingHistorySidebar.swift; sourceTree = "<group>"; };
		A1000069241D1A1D00000008 /* RecordingDetailView.swift */ = {isa = PBXFileReference; lastKnownFileType = sourcecode.swift; path = RecordingDetailView.swift; sourceTree = "<group>"; };
		A100006B241D1A1D00000008 /* MeetingHistoryService.swift */ = {isa = PBXFileReference; lastKnownFileType = sourcecode.swift; path = MeetingHistoryService.swift; sourceTree = "<group>"; };
		A1000071241D1A1D00000010 /* MeetingTitlePromptSheet.swift */ = {isa = PBXFileReference; lastKnownFileType = sourcecode.swift; path = MeetingTitlePromptSheet.swift; sourceTree = "<group>"; };
		A1000073241D1A1D00000011 /* PreferencesView.swift */ = {isa = PBXFileReference; lastKnownFileType = sourcecode.swift; path = PreferencesView.swift; sourceTree = "<group>"; };
	A1000075241D1A1D00000012 /* RecordingIndicator.swift */ = {isa = PBXFileReference; lastKnownFileType = sourcecode.swift; path = RecordingIndicator.swift; sourceTree = "<group>"; };
	CT00002241D1A1D00000013 /* CopyTranscriptButton.swift */ = {isa = PBXFileReference; lastKnownFileType = sourcecode.swift; path = CopyTranscriptButton.swift; sourceTree = "<group>"; };
	DIV0002241D1A1D00000104 /* DownloadIndicatorView.swift */ = {isa = PBXFileReference; lastKnownFileType = sourcecode.swift; path = DownloadIndicatorView.swift; sourceTree = "<group>"; };
	HL00002241D1A1D00000102 /* HoverableLink.swift */ = {isa = PBXFileReference; lastKnownFileType = sourcecode.swift; path = HoverableLink.swift; sourceTree = "<group>"; };
	A1000080241D1A1D00000020 /* TranscriptBlock.swift */ = {isa = PBXFileReference; lastKnownFileType = sourcecode.swift; path = TranscriptBlock.swift; sourceTree = "<group>"; };
		A1000082241D1A1D00000021 /* TranscriptProcessor.swift */ = {isa = PBXFileReference; lastKnownFileType = sourcecode.swift; path = TranscriptProcessor.swift; sourceTree = "<group>"; };
		A1000084241D1A1D00000022 /* LLMStitchingService.swift */ = {isa = PBXFileReference; lastKnownFileType = sourcecode.swift; path = LLMStitchingService.swift; sourceTree = "<group>"; };
		A1000086241D1A1D00000023 /* LLMManager.swift */ = {isa = PBXFileReference; lastKnownFileType = sourcecode.swift; path = LLMManager.swift; sourceTree = "<group>"; };
		A1000088241D1A1D00000024 /* TranscriptBlockView.swift */ = {isa = PBXFileReference; lastKnownFileType = sourcecode.swift; path = TranscriptBlockView.swift; sourceTree = "<group>"; };
		A1000091241D1A1D00000025 /* TranscriptRefinementService.swift */ = {isa = PBXFileReference; lastKnownFileType = sourcecode.swift; path = TranscriptRefinementService.swift; sourceTree = "<group>"; };
		A1000097241D1A1D00000028 /* EchoCancellationService.swift */ = {isa = PBXFileReference; lastKnownFileType = sourcecode.swift; path = EchoCancellationService.swift; sourceTree = "<group>"; };
		A1000093241D1A1D00000026 /* RefineTranscriptSheet.swift */ = {isa = PBXFileReference; lastKnownFileType = sourcecode.swift; path = RefineTranscriptSheet.swift; sourceTree = "<group>"; };
		A1000095241D1A1D00000027 /* ResumeControlPane.swift */ = {isa = PBXFileReference; lastKnownFileType = sourcecode.swift; path = ResumeControlPane.swift; sourceTree = "<group>"; };
		B100001A241D1A1D00000040 /* MuesliTests.xctest */ = {isa = PBXFileReference; explicitFileType = wrapper.cfbundle; includeInIndex = 0; path = MuesliTests.xctest; sourceTree = BUILT_PRODUCTS_DIR; };
		B1000002241D1A1D00000040 /* MuesliViewModelTests.swift */ = {isa = PBXFileReference; lastKnownFileType = sourcecode.swift; path = MuesliViewModelTests.swift; sourceTree = "<group>"; };
		B1000004241D1A1D00000040 /* ServiceProtocols.swift */ = {isa = PBXFileReference; lastKnownFileType = sourcecode.swift; path = ServiceProtocols.swift; sourceTree = "<group>"; };
		B1000006241D1A1D00000040 /* MockAudioCaptureService.swift */ = {isa = PBXFileReference; lastKnownFileType = sourcecode.swift; path = MockAudioCaptureService.swift; sourceTree = "<group>"; };
		B1000008241D1A1D00000040 /* MockTranscriptionService.swift */ = {isa = PBXFileReference; lastKnownFileType = sourcecode.swift; path = MockTranscriptionService.swift; sourceTree = "<group>"; };
		B100000A241D1A1D00000040 /* MockFileOutputService.swift */ = {isa = PBXFileReference; lastKnownFileType = sourcecode.swift; path = MockFileOutputService.swift; sourceTree = "<group>"; };
		B100000C241D1A1D00000040 /* MockMeetingHistoryService.swift */ = {isa = PBXFileReference; lastKnownFileType = sourcecode.swift; path = MockMeetingHistoryService.swift; sourceTree = "<group>"; };
		B100000E241D1A1D00000040 /* MockMeetingAppDetector.swift */ = {isa = PBXFileReference; lastKnownFileType = sourcecode.swift; path = MockMeetingAppDetector.swift; sourceTree = "<group>"; };
		B1000010241D1A1D00000040 /* MockPermissionManager.swift */ = {isa = PBXFileReference; lastKnownFileType = sourcecode.swift; path = MockPermissionManager.swift; sourceTree = "<group>"; };
		B1000012241D1A1D00000040 /* MockMicrophoneManager.swift */ = {isa = PBXFileReference; lastKnownFileType = sourcecode.swift; path = MockMicrophoneManager.swift; sourceTree = "<group>"; };
		B1000014241D1A1D00000040 /* MockModelManager.swift */ = {isa = PBXFileReference; lastKnownFileType = sourcecode.swift; path = MockModelManager.swift; sourceTree = "<group>"; };
		B1000016241D1A1D00000040 /* MockLLMManager.swift */ = {isa = PBXFileReference; lastKnownFileType = sourcecode.swift; path = MockLLMManager.swift; sourceTree = "<group>"; };
		B1000018241D1A1D00000040 /* MockEchoCancellationService.swift */ = {isa = PBXFileReference; lastKnownFileType = sourcecode.swift; path = MockEchoCancellationService.swift; sourceTree = "<group>"; };
		MTP0002241D1A1D00000106 /* MockTimeProvider.swift */ = {isa = PBXFileReference; lastKnownFileType = sourcecode.swift; path = MockTimeProvider.swift; sourceTree = "<group>"; };
		B1000021241D1A1D00000041 /* RecordingControllerTests.swift */ = {isa = PBXFileReference; lastKnownFileType = sourcecode.swift; path = RecordingControllerTests.swift; sourceTree = "<group>"; };
		B1000024241D1A1D00000042 /* TranscriptionCoordinatorTests.swift */ = {isa = PBXFileReference; lastKnownFileType = sourcecode.swift; path = TranscriptionCoordinatorTests.swift; sourceTree = "<group>"; };
		B0613F64BBAA48E09FA64C49A /* TimeFormattingTests.swift */ = {isa = PBXFileReference; lastKnownFileType = sourcecode.swift; path = TimeFormattingTests.swift; sourceTree = "<group>"; };
		B1000026241D1A1D00000043 /* PreferencesManagerTests.swift */ = {isa = PBXFileReference; lastKnownFileType = sourcecode.swift; path = PreferencesManagerTests.swift; sourceTree = "<group>"; };
		B1000028241D1A1D00000044 /* PermissionManagerTests.swift */ = {isa = PBXFileReference; lastKnownFileType = sourcecode.swift; path = PermissionManagerTests.swift; sourceTree = "<group>"; };
		B1000030241D1A1D00000045 /* MicrophoneManagerTests.swift */ = {isa = PBXFileReference; lastKnownFileType = sourcecode.swift; path = MicrophoneManagerTests.swift; sourceTree = "<group>"; };
		B1000032241D1A1D00000046 /* MeetingHistoryServiceTests.swift */ = {isa = PBXFileReference; lastKnownFileType = sourcecode.swift; path = MeetingHistoryServiceTests.swift; sourceTree = "<group>"; };
		EC00002241D1A1D00000047 /* EchoCancellationServiceTests.swift */ = {isa = PBXFileReference; lastKnownFileType = sourcecode.swift; path = EchoCancellationServiceTests.swift; sourceTree = "<group>"; };
		C1000002241D1A1D00000050 /* PreferencesManager.swift */ = {isa = PBXFileReference; lastKnownFileType = sourcecode.swift; path = PreferencesManager.swift; sourceTree = "<group>"; };
		C1000004241D1A1D00000051 /* MeetingHistoryManager.swift */ = {isa = PBXFileReference; lastKnownFileType = sourcecode.swift; path = MeetingHistoryManager.swift; sourceTree = "<group>"; };
		SW00002241D1A1D00000054 /* ServiceWarning.swift */ = {isa = PBXFileReference; lastKnownFileType = sourcecode.swift; path = ServiceWarning.swift; sourceTree = "<group>"; };
		WM00002241D1A1D00000055 /* WarningManager.swift */ = {isa = PBXFileReference; lastKnownFileType = sourcecode.swift; path = WarningManager.swift; sourceTree = "<group>"; };
		WB00002241D1A1D00000056 /* WarningBannerView.swift */ = {isa = PBXFileReference; lastKnownFileType = sourcecode.swift; path = WarningBannerView.swift; sourceTree = "<group>"; };
		C1000006241D1A1D00000052 /* RefinementCoordinator.swift */ = {isa = PBXFileReference; lastKnownFileType = sourcecode.swift; path = RefinementCoordinator.swift; sourceTree = "<group>"; };
		C1000008241D1A1D00000053 /* TranscriptionCoordinator.swift */ = {isa = PBXFileReference; lastKnownFileType = sourcecode.swift; path = TranscriptionCoordinator.swift; sourceTree = "<group>"; };
		D1000002241D1A1D00000060 /* ServiceProtocols.swift */ = {isa = PBXFileReference; lastKnownFileType = sourcecode.swift; path = ServiceProtocols.swift; sourceTree = "<group>"; };
		E1000002241D1A1D00000070 /* RecordingController.swift */ = {isa = PBXFileReference; lastKnownFileType = sourcecode.swift; path = RecordingController.swift; sourceTree = "<group>"; };
		E1000004241D1A1D00000071 /* AppStorageKeys.swift */ = {isa = PBXFileReference; lastKnownFileType = sourcecode.swift; path = AppStorageKeys.swift; sourceTree = "<group>"; };
		E1000006241D1A1D00000072 /* MuesliError.swift */ = {isa = PBXFileReference; lastKnownFileType = sourcecode.swift; path = MuesliError.swift; sourceTree = "<group>"; };
		F1000002241D1A1D00000080 /* AudioConfiguration.swift */ = {isa = PBXFileReference; lastKnownFileType = sourcecode.swift; path = AudioConfiguration.swift; sourceTree = "<group>"; };
		114BBE69396045369DA85098 /* ClipboardHelper.swift */ = {isa = PBXFileReference; lastKnownFileType = sourcecode.swift; path = ClipboardHelper.swift; sourceTree = "<group>"; };
		3BB14EFAA1A14BA98612D5ACA /* TimeFormatting.swift */ = {isa = PBXFileReference; lastKnownFileType = sourcecode.swift; path = TimeFormatting.swift; sourceTree = "<group>"; };
		TP00002241D1A1D00000105 /* TimeProvider.swift */ = {isa = PBXFileReference; lastKnownFileType = sourcecode.swift; path = TimeProvider.swift; sourceTree = "<group>"; };
		V1000001241D1A1D00000090 /* Version.xcconfig */ = {isa = PBXFileReference; lastKnownFileType = text.xcconfig; path = Version.xcconfig; sourceTree = "<group>"; };
/* End PBXFileReference section */

/* Begin PBXFrameworksBuildPhase section */
		A100000B241D1A1D00000001 /* Frameworks */ = {
			isa = PBXFrameworksBuildPhase;
			buildActionMask = 2147483647;
			files = (
				A1000007241D1A1D00000001 /* WhisperKit in Frameworks */,
				A1000090241D1A1D00000030 /* MLXLLM in Frameworks */,
				A1000093241D1A1D00000031 /* MLXLMCommon in Frameworks */,
			);
			runOnlyForDeploymentPostprocessing = 0;
		};
		B100001B241D1A1D00000040 /* Frameworks */ = {
			isa = PBXFrameworksBuildPhase;
			buildActionMask = 2147483647;
			files = (
			);
			runOnlyForDeploymentPostprocessing = 0;
		};
/* End PBXFrameworksBuildPhase section */

/* Begin PBXGroup section */
		A100000C241D1A1D00000001 = {
			isa = PBXGroup;
			children = (
				A100000D241D1A1D00000001 /* Muesli */,
				B100001C241D1A1D00000040 /* MuesliTests */,
				A100000E241D1A1D00000001 /* Products */,
			);
			sourceTree = "<group>";
		};
		A100000E241D1A1D00000001 /* Products */ = {
			isa = PBXGroup;
			children = (
				A1000009241D1A1D00000001 /* Muesli.app */,
				B100001A241D1A1D00000040 /* MuesliTests.xctest */,
			);
			name = Products;
			sourceTree = "<group>";
		};
		A100000D241D1A1D00000001 /* Muesli */ = {
			isa = PBXGroup;
			children = (
				A1000002241D1A1D00000001 /* MuesliApp.swift */,
				A1000006241D1A1D00000001 /* Assets.xcassets */,
				A100000A241D1A1D00000001 /* Muesli.entitlements */,
				WR00008241D1A1D00000207 /* Muesli-Bridging-Header.h */,
				A100000F241D1A1D00000001 /* Models */,
				A1000010241D1A1D00000001 /* ViewModels */,
				A1000011241D1A1D00000001 /* Views */,
				A1000012241D1A1D00000001 /* Services */,
				A1000013241D1A1D00000001 /* Utilities */,
				C1000003241D1A1D00000050 /* Managers */,
				E1000007241D1A1D00000073 /* Controllers */,
				D1000003241D1A1D00000060 /* Protocols */,
				A1000014241D1A1D00000001 /* Resources */,
			);
			path = Muesli;
			sourceTree = "<group>";
		};
		C1000003241D1A1D00000050 /* Managers */ = {
			isa = PBXGroup;
			children = (
				C1000002241D1A1D00000050 /* PreferencesManager.swift */,
				C1000004241D1A1D00000051 /* MeetingHistoryManager.swift */,
				C1000006241D1A1D00000052 /* RefinementCoordinator.swift */,
				C1000008241D1A1D00000053 /* TranscriptionCoordinator.swift */,
				WM00002241D1A1D00000055 /* WarningManager.swift */,
			);
			path = Managers;
			sourceTree = "<group>";
		};
		D1000003241D1A1D00000060 /* Protocols */ = {
			isa = PBXGroup;
			children = (
				D1000002241D1A1D00000060 /* ServiceProtocols.swift */,
			);
			path = Protocols;
			sourceTree = "<group>";
		};
		E1000007241D1A1D00000073 /* Controllers */ = {
			isa = PBXGroup;
			children = (
				E1000002241D1A1D00000070 /* RecordingController.swift */,
			);
			path = Controllers;
			sourceTree = "<group>";
		};
		A100000F241D1A1D00000001 /* Models */ = {
			isa = PBXGroup;
			children = (
				A1000022241D1A1D00000001 /* MeetingApp.swift */,
				A1000033241D1A1D00000003 /* RecordingSession.swift */,
				A1000033241D1A1D00000003A /* RecordingStateMachine.swift */,
				A1000061241D1A1D00000008 /* MeetingHistoryItem.swift */,
				A1000080241D1A1D00000020 /* TranscriptBlock.swift */,
				E1000006241D1A1D00000072 /* MuesliError.swift */,
				SW00002241D1A1D00000054 /* ServiceWarning.swift */,
			);
			path = Models;
			sourceTree = "<group>";
		};
		A1000010241D1A1D00000001 /* ViewModels */ = {
			isa = PBXGroup;
			children = (
				A1000024241D1A1D00000001 /* MuesliViewModel.swift */,
			);
			path = ViewModels;
			sourceTree = "<group>";
		};
		A1000011241D1A1D00000001 /* Views */ = {
		isa = PBXGroup;
		children = (
			A1000026241D1A1D00000001 /* MenuBarView.swift */,
			A1000028241D1A1D00000001 /* MainWindow.swift */,
			A100005F241D1A1D00000008 /* MainWindowView.swift */,
			A100005D241D1A1D00000008 /* CompletedMeetingWindow.swift */,
			A1000063241D1A1D00000008 /* StartRecordingSheet.swift */,
			A1000065241D1A1D00000008 /* UnifiedHistoryView.swift */,
			A1000067241D1A1D00000008 /* MeetingHistorySidebar.swift */,
			A1000069241D1A1D00000008 /* RecordingDetailView.swift */,
			A1000035241D1A1D00000004 /* OnboardingView.swift */,
			A100003D241D1A1D00000006 /* ModelManagementView.swift */,
			A1000073241D1A1D00000011 /* PreferencesView.swift */,
			AV00002241D1A1D00000097 /* AboutView.swift */,
			DI00002241D1A1D00000101 /* DebugInfoView.swift */,
			NM00002241D1A1D00000096 /* NoModelSheet.swift */,
			A1000015241D1A1D00000001 /* Components */,
		);
		path = Views;
		sourceTree = "<group>";
	};
		A1000015241D1A1D00000001 /* Components */ = {
			isa = PBXGroup;
			children = (
			A1000071241D1A1D00000010 /* MeetingTitlePromptSheet.swift */,
			A1000075241D1A1D00000012 /* RecordingIndicator.swift */,
			CT00002241D1A1D00000013 /* CopyTranscriptButton.swift */,
			DIV0002241D1A1D00000104 /* DownloadIndicatorView.swift */,
			HL00002241D1A1D00000102 /* HoverableLink.swift */,
			A1000088241D1A1D00000024 /* TranscriptBlockView.swift */,
				A1000093241D1A1D00000026 /* RefineTranscriptSheet.swift */,
				A1000095241D1A1D00000027 /* ResumeControlPane.swift */,
				US00002241D1A1D00000098 /* UpdateSheet.swift */,
				UH00002241D1A1D00000097A /* UpdateCheckHelper.swift */,
				WB00002241D1A1D00000056 /* WarningBannerView.swift */,
			);
			path = Components;
			sourceTree = "<group>";
		};
		A1000012241D1A1D00000001 /* Services */ = {
			isa = PBXGroup;
			children = (
				A100002A241D1A1D00000002 /* AudioCaptureService.swift */,
				A100002C241D1A1D00000002 /* FileOutputService.swift */,
				A100002F241D1A1D00000003 /* ExportService.swift */,
				A100002E241D1A1D00000002 /* MeetingAppDetector.swift */,
				A1000039241D1A1D00000005 /* TranscriptionService.swift */,
				A100006B241D1A1D00000008 /* MeetingHistoryService.swift */,
				A1000082241D1A1D00000021 /* TranscriptProcessor.swift */,
				A1000084241D1A1D00000022 /* LLMStitchingService.swift */,
				A1000091241D1A1D00000025 /* TranscriptRefinementService.swift */,
				A1000097241D1A1D00000028 /* EchoCancellationService.swift */,
				WR00004241D1A1D00000203 /* EchoCancellationServiceWebRTC.swift */,
				WR00006241D1A1D00000205 /* AudioRingBuffer.swift */,
				WR00009241D1A1D00000208 /* WebRTCAEC */,
			);
			path = Services;
			sourceTree = "<group>";
		};
		WR00009241D1A1D00000208 /* WebRTCAEC */ = {
			isa = PBXGroup;
			children = (
				WR00007241D1A1D00000206 /* WebRTCAECBridge.h */,
				WR00002241D1A1D00000201 /* WebRTCAECBridge.mm */,
			);
			path = WebRTCAEC;
			sourceTree = "<group>";
		};
		A1000013241D1A1D00000001 /* Utilities */ = {
			isa = PBXGroup;
			children = (
				A1000030241D1A1D00000002 /* PermissionManager.swift */,
				A1000037241D1A1D00000004 /* ModelManager.swift */,
				A100003B241D1A1D00000007 /* MicrophoneManager.swift */,
				A1000086241D1A1D00000023 /* LLMManager.swift */,
				E1000004241D1A1D00000071 /* AppStorageKeys.swift */,
				LF00002241D1A1D00000096A /* LoggerFactory.swift */,
				DL00002241D1A1D00000100 /* DiagnosticLogger.swift */,
				BI00002241D1A1D00000103 /* BuildInfo.swift */,
				F1000002241D1A1D00000080 /* AudioConfiguration.swift */,
				114BBE69396045369DA85098 /* ClipboardHelper.swift */,
				3BB14EFAA1A14BA98612D5ACA /* TimeFormatting.swift */,
				TP00002241D1A1D00000105 /* TimeProvider.swift */,
				UC00002241D1A1D00000099 /* UpdateChecker.swift */,
			);
			path = Utilities;
			sourceTree = "<group>";
		};
		A1000014241D1A1D00000001 /* Resources */ = {
			isa = PBXGroup;
			children = (
			);
			path = Resources;
			sourceTree = "<group>";
		};
		B100001C241D1A1D00000040 /* MuesliTests */ = {
			isa = PBXGroup;
			children = (
				B1000002241D1A1D00000040 /* MuesliViewModelTests.swift */,
				B1000021241D1A1D00000041 /* RecordingControllerTests.swift */,
				B1000024241D1A1D00000042 /* TranscriptionCoordinatorTests.swift */,
				B0613F64BBAA48E09FA64C49A /* TimeFormattingTests.swift */,
				B1000026241D1A1D00000043 /* PreferencesManagerTests.swift */,
				B1000028241D1A1D00000044 /* PermissionManagerTests.swift */,
				B1000030241D1A1D00000045 /* MicrophoneManagerTests.swift */,
				B1000032241D1A1D00000046 /* MeetingHistoryServiceTests.swift */,
				EC00002241D1A1D00000047 /* EchoCancellationServiceTests.swift */,
				B100001D241D1A1D00000040 /* Protocols */,
				B100001E241D1A1D00000040 /* Mocks */,
			);
			path = MuesliTests;
			sourceTree = "<group>";
		};
		B100001D241D1A1D00000040 /* Protocols */ = {
			isa = PBXGroup;
			children = (
				B1000004241D1A1D00000040 /* ServiceProtocols.swift */,
			);
			path = Protocols;
			sourceTree = "<group>";
		};
		B100001E241D1A1D00000040 /* Mocks */ = {
			isa = PBXGroup;
			children = (
				B1000006241D1A1D00000040 /* MockAudioCaptureService.swift */,
				B1000008241D1A1D00000040 /* MockTranscriptionService.swift */,
				B100000A241D1A1D00000040 /* MockFileOutputService.swift */,
				B100000C241D1A1D00000040 /* MockMeetingHistoryService.swift */,
				B100000E241D1A1D00000040 /* MockMeetingAppDetector.swift */,
				B1000010241D1A1D00000040 /* MockPermissionManager.swift */,
				B1000012241D1A1D00000040 /* MockMicrophoneManager.swift */,
				B1000014241D1A1D00000040 /* MockModelManager.swift */,
				B1000016241D1A1D00000040 /* MockLLMManager.swift */,
				B1000018241D1A1D00000040 /* MockEchoCancellationService.swift */,
				MTP0002241D1A1D00000106 /* MockTimeProvider.swift */,
			);
			path = Mocks;
			sourceTree = "<group>";
		};
/* End PBXGroup section */

/* Begin PBXShellScriptBuildPhase section */
		BI00003241D1A1D00000103 /* Generate Build Info */ = {
			isa = PBXShellScriptBuildPhase;
			alwaysOutOfDate = 1;
			buildActionMask = 2147483647;
			files = (
			);
			inputFileListPaths = (
			);
			inputPaths = (
			);
			name = "Generate Build Info";
			outputFileListPaths = (
			);
			outputPaths = (
				"$(SRCROOT)/Muesli/Utilities/BuildInfo.swift",
			);
			runOnlyForDeploymentPostprocessing = 0;
			shellPath = /bin/sh;
			shellScript = "\"${SRCROOT}/scripts/generate-build-info.sh\" \"${SRCROOT}/Muesli/Utilities/BuildInfo.swift\"\n";
		};
	A100006C241D1A1D00000009 /* Update App Icon */ = {
		isa = PBXShellScriptBuildPhase;
			alwaysOutOfDate = 1;
			buildActionMask = 2147483647;
			files = (
			);
			inputFileListPaths = (
			);
			inputPaths = (
				"${SRCROOT}/assets/AppIcon.png",
			);
			name = "Update App Icon";
			outputFileListPaths = (
			);
			outputPaths = (
				"${SRCROOT}/Muesli/Assets.xcassets/AppIcon.appiconset/Contents.json",
				"${SRCROOT}/Muesli/Assets.xcassets/AppIcon.appiconset/icon_512x512@2x.png",
			);
			runOnlyForDeploymentPostprocessing = 0;
			shellPath = /bin/sh;
			shellScript = "# Update app icons from assets/AppIcon.png\n# This script generates all required icon sizes and updates the asset catalog\n\"${SRCROOT}/scripts/update_app_icon.sh\" || true\n";
		};
/* End PBXShellScriptBuildPhase section */

/* Begin PBXNativeTarget section */
		A1000016241D1A1D00000001 /* Muesli */ = {
			isa = PBXNativeTarget;
			buildConfigurationList = A1000017241D1A1D00000001 /* Build configuration list for PBXNativeTarget "Muesli" */;
			buildPhases = (
				A100006C241D1A1D00000009 /* Update App Icon */,
				BI00003241D1A1D00000103 /* Generate Build Info */,
				A1000018241D1A1D00000001 /* Sources */,
				A100000B241D1A1D00000001 /* Frameworks */,
				A1000019241D1A1D00000001 /* Resources */,
			);
			buildRules = (
			);
			dependencies = (
			);
			name = Muesli;
			packageProductDependencies = (
				A1000008241D1A1D00000001 /* WhisperKit */,
				A1000091241D1A1D00000030 /* MLXLLM */,
				A1000094241D1A1D00000031 /* MLXLMCommon */,
			);
			productName = Muesli;
			productReference = A1000009241D1A1D00000001 /* Muesli.app */;
			productType = "com.apple.product-type.application";
		};
		B100001F241D1A1D00000040 /* MuesliTests */ = {
			isa = PBXNativeTarget;
			buildConfigurationList = B1000020241D1A1D00000040 /* Build configuration list for PBXNativeTarget "MuesliTests" */;
			buildPhases = (
				B1000021241D1A1D00000040 /* Sources */,
				B100001B241D1A1D00000040 /* Frameworks */,
				B1000022241D1A1D00000040 /* Resources */,
			);
			buildRules = (
			);
			dependencies = (
				B1000023241D1A1D00000040 /* PBXTargetDependency */,
			);
			name = MuesliTests;
			productName = MuesliTests;
			productReference = B100001A241D1A1D00000040 /* MuesliTests.xctest */;
			productType = "com.apple.product-type.bundle.unit-test";
		};
/* End PBXNativeTarget section */

/* Begin PBXProject section */
		A100001A241D1A1D00000001 /* Project object */ = {
			isa = PBXProject;
			attributes = {
				BuildIndependentTargetsInParallel = 1;
				LastSwiftUpdateCheck = 1500;
				LastUpgradeCheck = 1500;
				TargetAttributes = {
					A1000016241D1A1D00000001 = {
						CreatedOnToolsVersion = 15.0;
					};
					B100001F241D1A1D00000040 = {
						CreatedOnToolsVersion = 15.0;
						TestTargetID = A1000016241D1A1D00000001;
					};
				};
			};
			buildConfigurationList = A100001B241D1A1D00000001 /* Build configuration list for PBXProject "Muesli" */;
			compatibilityVersion = "Xcode 14.0";
			developmentRegion = en;
			hasScannedForEncodings = 0;
			knownRegions = (
				en,
				Base,
			);
			mainGroup = A100000C241D1A1D00000001;
			packageReferences = (
				A100001C241D1A1D00000001 /* XCRemoteSwiftPackageReference "WhisperKit" */,
				A1000092241D1A1D00000030 /* XCRemoteSwiftPackageReference "mlx-swift-examples" */,
			);
			productRefGroup = A100000E241D1A1D00000001 /* Products */;
			projectDirPath = "";
			projectRoot = "";
			targets = (
				A1000016241D1A1D00000001 /* Muesli */,
				B100001F241D1A1D00000040 /* MuesliTests */,
			);
		};
/* End PBXProject section */

/* Begin PBXResourcesBuildPhase section */
		A1000019241D1A1D00000001 /* Resources */ = {
			isa = PBXResourcesBuildPhase;
			buildActionMask = 2147483647;
			files = (
				A1000005241D1A1D00000001 /* Assets.xcassets in Resources */,
			);
			runOnlyForDeploymentPostprocessing = 0;
		};
		B1000022241D1A1D00000040 /* Resources */ = {
			isa = PBXResourcesBuildPhase;
			buildActionMask = 2147483647;
			files = (
			);
			runOnlyForDeploymentPostprocessing = 0;
		};
/* End PBXResourcesBuildPhase section */

/* Begin PBXSourcesBuildPhase section */
		A1000018241D1A1D00000001 /* Sources */ = {
			isa = PBXSourcesBuildPhase;
			buildActionMask = 2147483647;
			files = (
				BI00001241D1A1D00000103 /* BuildInfo.swift in Sources */,
				A1000001241D1A1D00000001 /* MuesliApp.swift in Sources */,
				A1000021241D1A1D00000001 /* MeetingApp.swift in Sources */,
				A1000032241D1A1D00000003 /* RecordingSession.swift in Sources */,
				A1000032241D1A1D00000003A /* RecordingStateMachine.swift in Sources */,
				A1000023241D1A1D00000001 /* MuesliViewModel.swift in Sources */,
				A1000025241D1A1D00000001 /* MenuBarView.swift in Sources */,
				A1000027241D1A1D00000001 /* MainWindow.swift in Sources */,
				A1000034241D1A1D00000004 /* OnboardingView.swift in Sources */,
				A100003C241D1A1D00000006 /* ModelManagementView.swift in Sources */,
				A1000029241D1A1D00000002 /* AudioCaptureService.swift in Sources */,
			A100002B241D1A1D00000002 /* FileOutputService.swift in Sources */,
			A100002E241D1A1D00000003 /* ExportService.swift in Sources */,
			A100002D241D1A1D00000002 /* MeetingAppDetector.swift in Sources */,
			A100002F241D1A1D00000002 /* PermissionManager.swift in Sources */,
			DL00001241D1A1D00000100 /* DiagnosticLogger.swift in Sources */,
			DI00001241D1A1D00000101 /* DebugInfoView.swift in Sources */,
			HL00001241D1A1D00000102 /* HoverableLink.swift in Sources */,
			UC00001241D1A1D00000099 /* UpdateChecker.swift in Sources */,
			US00001241D1A1D00000098 /* UpdateSheet.swift in Sources */,
			UH00001241D1A1D00000097A /* UpdateCheckHelper.swift in Sources */,
			AV00001241D1A1D00000097 /* AboutView.swift in Sources */,
			NM00001241D1A1D00000096 /* NoModelSheet.swift in Sources */,
			A1000036241D1A1D00000004 /* ModelManager.swift in Sources */,
				A1000038241D1A1D00000005 /* TranscriptionService.swift in Sources */,
				A100003A241D1A1D00000007 /* MicrophoneManager.swift in Sources */,
				LF00001241D1A1D00000096A /* LoggerFactory.swift in Sources */,
				A100005C241D1A1D00000008 /* CompletedMeetingWindow.swift in Sources */,
				A100005E241D1A1D00000008 /* MainWindowView.swift in Sources */,
				A1000060241D1A1D00000008 /* MeetingHistoryItem.swift in Sources */,
				A1000062241D1A1D00000008 /* StartRecordingSheet.swift in Sources */,
				A1000064241D1A1D00000008 /* UnifiedHistoryView.swift in Sources */,
				A1000066241D1A1D00000008 /* MeetingHistorySidebar.swift in Sources */,
				A1000068241D1A1D00000008 /* RecordingDetailView.swift in Sources */,
				A100006A241D1A1D00000008 /* MeetingHistoryService.swift in Sources */,
			A1000070241D1A1D00000010 /* MeetingTitlePromptSheet.swift in Sources */,
			A1000072241D1A1D00000011 /* PreferencesView.swift in Sources */,
			A1000074241D1A1D00000012 /* RecordingIndicator.swift in Sources */,
			CT00001241D1A1D00000013 /* CopyTranscriptButton.swift in Sources */,
			DIV0001241D1A1D00000104 /* DownloadIndicatorView.swift in Sources */,
			A1000081241D1A1D00000020 /* TranscriptBlock.swift in Sources */,
				A1000083241D1A1D00000021 /* TranscriptProcessor.swift in Sources */,
				A1000085241D1A1D00000022 /* LLMStitchingService.swift in Sources */,
				A1000087241D1A1D00000023 /* LLMManager.swift in Sources */,
				A1000089241D1A1D00000024 /* TranscriptBlockView.swift in Sources */,
				A1000090241D1A1D00000025 /* TranscriptRefinementService.swift in Sources */,
				A1000096241D1A1D00000028 /* EchoCancellationService.swift in Sources */,
				WR00003241D1A1D00000202 /* EchoCancellationServiceWebRTC.swift in Sources */,
				WR00005241D1A1D00000204 /* AudioRingBuffer.swift in Sources */,
				WR00001241D1A1D00000200 /* WebRTCAECBridge.mm in Sources */,
				A1000092241D1A1D00000026 /* RefineTranscriptSheet.swift in Sources */,
				A1000094241D1A1D00000027 /* ResumeControlPane.swift in Sources */,
				C1000001241D1A1D00000050 /* PreferencesManager.swift in Sources */,
				C1000003241D1A1D00000051 /* MeetingHistoryManager.swift in Sources */,
				SW00001241D1A1D00000054 /* ServiceWarning.swift in Sources */,
				WM00001241D1A1D00000055 /* WarningManager.swift in Sources */,
				WB00001241D1A1D00000056 /* WarningBannerView.swift in Sources */,
				C1000005241D1A1D00000052 /* RefinementCoordinator.swift in Sources */,
				C1000007241D1A1D00000053 /* TranscriptionCoordinator.swift in Sources */,
				D1000001241D1A1D00000060 /* ServiceProtocols.swift in Sources */,
				E1000001241D1A1D00000070 /* RecordingController.swift in Sources */,
				E1000003241D1A1D00000071 /* AppStorageKeys.swift in Sources */,
				E1000005241D1A1D00000072 /* MuesliError.swift in Sources */,
				F1000001241D1A1D00000080 /* AudioConfiguration.swift in Sources */,
				114BBE69396045369DA85097 /* ClipboardHelper.swift in Sources */,
				3BB14EFAA1A14BA98612D5AC /* TimeFormatting.swift in Sources */,
				TP00001241D1A1D00000105 /* TimeProvider.swift in Sources */,
			);
			runOnlyForDeploymentPostprocessing = 0;
		};
		B1000021241D1A1D00000040 /* Sources */ = {
			isa = PBXSourcesBuildPhase;
			buildActionMask = 2147483647;
			files = (
				B1000001241D1A1D00000040 /* MuesliViewModelTests.swift in Sources */,
				B1000003241D1A1D00000040 /* ServiceProtocols.swift in Sources */,
				B1000005241D1A1D00000040 /* MockAudioCaptureService.swift in Sources */,
				B1000007241D1A1D00000040 /* MockTranscriptionService.swift in Sources */,
				B1000009241D1A1D00000040 /* MockFileOutputService.swift in Sources */,
				B100000B241D1A1D00000040 /* MockMeetingHistoryService.swift in Sources */,
				B100000D241D1A1D00000040 /* MockMeetingAppDetector.swift in Sources */,
				B100000F241D1A1D00000040 /* MockPermissionManager.swift in Sources */,
				B1000011241D1A1D00000040 /* MockMicrophoneManager.swift in Sources */,
				B1000013241D1A1D00000040 /* MockModelManager.swift in Sources */,
				B1000015241D1A1D00000040 /* MockLLMManager.swift in Sources */,
				B1000017241D1A1D00000040 /* MockEchoCancellationService.swift in Sources */,
				MTP0001241D1A1D00000106 /* MockTimeProvider.swift in Sources */,
				B1000020241D1A1D00000041 /* RecordingControllerTests.swift in Sources */,
				B1000023241D1A1D00000042 /* TranscriptionCoordinatorTests.swift in Sources */,
				B0613F64BBAA48E09FA64C49 /* TimeFormattingTests.swift in Sources */,
				B1000025241D1A1D00000043 /* PreferencesManagerTests.swift in Sources */,
				B1000027241D1A1D00000044 /* PermissionManagerTests.swift in Sources */,
				B1000029241D1A1D00000045 /* MicrophoneManagerTests.swift in Sources */,
				B1000031241D1A1D00000046 /* MeetingHistoryServiceTests.swift in Sources */,
				EC00001241D1A1D00000047 /* EchoCancellationServiceTests.swift in Sources */,
			);
			runOnlyForDeploymentPostprocessing = 0;
		};
/* End PBXSourcesBuildPhase section */

/* Begin PBXTargetDependency section */
		B1000023241D1A1D00000040 /* PBXTargetDependency */ = {
			isa = PBXTargetDependency;
			target = A1000016241D1A1D00000001 /* Muesli */;
			targetProxy = B1000019241D1A1D00000040 /* PBXContainerItemProxy */;
		};
/* End PBXTargetDependency section */

/* Begin XCBuildConfiguration section */
		A100001D241D1A1D00000001 /* Debug */ = {
			isa = XCBuildConfiguration;
			buildSettings = {
				ALWAYS_SEARCH_USER_PATHS = NO;
				ASSETCATALOG_COMPILER_GENERATE_SWIFT_ASSET_SYMBOL_EXTENSIONS = YES;
				CLANG_ANALYZER_NONNULL = YES;
				CLANG_ANALYZER_NUMBER_OBJECT_CONVERSION = YES_AGGRESSIVE;
				CLANG_CXX_LANGUAGE_STANDARD = "gnu++20";
				CLANG_ENABLE_MODULES = YES;
				CLANG_ENABLE_OBJC_ARC = YES;
				CLANG_ENABLE_OBJC_WEAK = YES;
				CLANG_WARN_BLOCK_CAPTURE_AUTORELEASING = YES;
				CLANG_WARN_BOOL_CONVERSION = YES;
				CLANG_WARN_COMMA = YES;
				CLANG_WARN_CONSTANT_CONVERSION = YES;
				CLANG_WARN_DEPRECATED_OBJC_IMPLEMENTATIONS = YES;
				CLANG_WARN_DIRECT_OBJC_ISA_USAGE = YES_ERROR;
				CLANG_WARN_DOCUMENTATION_COMMENTS = YES;
				CLANG_WARN_EMPTY_BODY = YES;
				CLANG_WARN_ENUM_CONVERSION = YES;
				CLANG_WARN_INFINITE_RECURSION = YES;
				CLANG_WARN_INT_CONVERSION = YES;
				CLANG_WARN_NON_LITERAL_NULL_CONVERSION = YES;
				CLANG_WARN_OBJC_IMPLICIT_RETAIN_SELF = YES;
				CLANG_WARN_OBJC_LITERAL_CONVERSION = YES;
				CLANG_WARN_OBJC_ROOT_CLASS = YES_ERROR;
				CLANG_WARN_QUOTED_INCLUDE_IN_FRAMEWORK_HEADER = YES;
				CLANG_WARN_RANGE_LOOP_ANALYSIS = YES;
				CLANG_WARN_STRICT_PROTOTYPES = YES;
				CLANG_WARN_SUSPICIOUS_MOVE = YES;
				CLANG_WARN_UNGUARDED_AVAILABILITY = YES_AGGRESSIVE;
				CLANG_WARN_UNREACHABLE_CODE = YES;
				CLANG_WARN__DUPLICATE_METHOD_MATCH = YES;
				COPY_PHASE_STRIP = NO;
				DEBUG_INFORMATION_FORMAT = dwarf;
				ENABLE_STRICT_OBJC_MSGSEND = YES;
				ENABLE_TESTABILITY = YES;
				ENABLE_USER_SCRIPT_SANDBOXING = NO;
				GCC_C_LANGUAGE_STANDARD = gnu17;
				GCC_DYNAMIC_NO_PIC = NO;
				GCC_NO_COMMON_BLOCKS = YES;
				GCC_OPTIMIZATION_LEVEL = 0;
				GCC_PREPROCESSOR_DEFINITIONS = (
					"DEBUG=1",
					"$(inherited)",
				);
				GCC_WARN_64_TO_32_BIT_CONVERSION = YES;
				GCC_WARN_ABOUT_RETURN_TYPE = YES_ERROR;
				GCC_WARN_UNDECLARED_SELECTOR = YES;
				GCC_WARN_UNINITIALIZED_AUTOS = YES_AGGRESSIVE;
				GCC_WARN_UNUSED_FUNCTION = YES;
				GCC_WARN_UNUSED_VARIABLE = YES;
				LOCALIZATION_PREFERS_STRING_CATALOGS = YES;
				MACOSX_DEPLOYMENT_TARGET = 26.0;
				MTL_ENABLE_DEBUG_INFO = INCLUDE_SOURCE;
				MTL_FAST_MATH = YES;
				ONLY_ACTIVE_ARCH = YES;
				SDKROOT = macosx;
				SWIFT_ACTIVE_COMPILATION_CONDITIONS = "DEBUG $(inherited)";
				SWIFT_OPTIMIZATION_LEVEL = "-Onone";
				SWIFT_VERSION = 6.0;
			};
			name = Debug;
		};
		A100001E241D1A1D00000001 /* Release */ = {
			isa = XCBuildConfiguration;
			buildSettings = {
				ALWAYS_SEARCH_USER_PATHS = NO;
				ASSETCATALOG_COMPILER_GENERATE_SWIFT_ASSET_SYMBOL_EXTENSIONS = YES;
				CLANG_ANALYZER_NONNULL = YES;
				CLANG_ANALYZER_NUMBER_OBJECT_CONVERSION = YES_AGGRESSIVE;
				CLANG_CXX_LANGUAGE_STANDARD = "gnu++20";
				CLANG_ENABLE_MODULES = YES;
				CLANG_ENABLE_OBJC_ARC = YES;
				CLANG_ENABLE_OBJC_WEAK = YES;
				CLANG_WARN_BLOCK_CAPTURE_AUTORELEASING = YES;
				CLANG_WARN_BOOL_CONVERSION = YES;
				CLANG_WARN_COMMA = YES;
				CLANG_WARN_CONSTANT_CONVERSION = YES;
				CLANG_WARN_DEPRECATED_OBJC_IMPLEMENTATIONS = YES;
				CLANG_WARN_DIRECT_OBJC_ISA_USAGE = YES_ERROR;
				CLANG_WARN_DOCUMENTATION_COMMENTS = YES;
				CLANG_WARN_EMPTY_BODY = YES;
				CLANG_WARN_ENUM_CONVERSION = YES;
				CLANG_WARN_INFINITE_RECURSION = YES;
				CLANG_WARN_INT_CONVERSION = YES;
				CLANG_WARN_NON_LITERAL_NULL_CONVERSION = YES;
				CLANG_WARN_OBJC_IMPLICIT_RETAIN_SELF = YES;
				CLANG_WARN_OBJC_LITERAL_CONVERSION = YES;
				CLANG_WARN_OBJC_ROOT_CLASS = YES_ERROR;
				CLANG_WARN_QUOTED_INCLUDE_IN_FRAMEWORK_HEADER = YES;
				CLANG_WARN_RANGE_LOOP_ANALYSIS = YES;
				CLANG_WARN_STRICT_PROTOTYPES = YES;
				CLANG_WARN_SUSPICIOUS_MOVE = YES;
				CLANG_WARN_UNGUARDED_AVAILABILITY = YES_AGGRESSIVE;
				CLANG_WARN_UNREACHABLE_CODE = YES;
				CLANG_WARN__DUPLICATE_METHOD_MATCH = YES;
				COPY_PHASE_STRIP = NO;
				DEBUG_INFORMATION_FORMAT = "dwarf-with-dsym";
				ENABLE_NS_ASSERTIONS = NO;
				ENABLE_STRICT_OBJC_MSGSEND = YES;
				ENABLE_USER_SCRIPT_SANDBOXING = NO;
				GCC_C_LANGUAGE_STANDARD = gnu17;
				GCC_NO_COMMON_BLOCKS = YES;
				GCC_WARN_64_TO_32_BIT_CONVERSION = YES;
				GCC_WARN_ABOUT_RETURN_TYPE = YES_ERROR;
				GCC_WARN_UNDECLARED_SELECTOR = YES;
				GCC_WARN_UNINITIALIZED_AUTOS = YES_AGGRESSIVE;
				GCC_WARN_UNUSED_FUNCTION = YES;
				GCC_WARN_UNUSED_VARIABLE = YES;
				LOCALIZATION_PREFERS_STRING_CATALOGS = YES;
				MACOSX_DEPLOYMENT_TARGET = 26.0;
				MTL_ENABLE_DEBUG_INFO = NO;
				MTL_FAST_MATH = YES;
				SDKROOT = macosx;
				SWIFT_COMPILATION_MODE = wholemodule;
				SWIFT_VERSION = 6.0;
			};
			name = Release;
		};
		A100001F241D1A1D00000001 /* Debug */ = {
			isa = XCBuildConfiguration;
			baseConfigurationReference = V1000001241D1A1D00000090 /* Version.xcconfig */;
			buildSettings = {
				ASSETCATALOG_COMPILER_APPICON_NAME = AppIcon;
				ASSETCATALOG_COMPILER_GLOBAL_ACCENT_COLOR_NAME = AccentColor;
				CODE_SIGN_ENTITLEMENTS = Muesli/Muesli.entitlements;
				CODE_SIGN_STYLE = Automatic;
				COMBINE_HIDPI_IMAGES = YES;
				DEVELOPMENT_TEAM = J3Q35LXP2V;
				DEVELOPMENT_ASSET_PATHS = "";
			ENABLE_HARDENED_RUNTIME = YES;
			ENABLE_PREVIEWS = YES;
			GENERATE_INFOPLIST_FILE = YES;
			/* IMPORTANT: LSUIElement = NO shows app in Dock (see AGENTS.md). DO NOT change to YES - was accidentally reverted in commit e823aac */
			INFOPLIST_KEY_LSUIElement = NO;
			INFOPLIST_KEY_NSMicrophoneUsageDescription = "Muesli needs Microphone access to capture your voice during meetings.";
			INFOPLIST_KEY_NSScreenCaptureUsageDescription = "Muesli needs Screen Recording access to capture audio from meeting apps like Zoom, Teams, and Google Meet.";
			INFOPLIST_KEY_NSHumanReadableCopyright = "";
				LD_RUNPATH_SEARCH_PATHS = (
					"$(inherited)",
					"@executable_path/../Frameworks",
				);
				FRAMEWORK_SEARCH_PATHS = (
					"$(inherited)",
					"$(PROJECT_DIR)/Muesli/Frameworks",
				);
				HEADER_SEARCH_PATHS = (
					"$(inherited)",
					"$(PROJECT_DIR)/Muesli/Frameworks/webrtc_audio_processing.xcframework/macos-arm64_x86_64/Headers",
					"$(PROJECT_DIR)/Muesli/Frameworks/webrtc_audio_processing.xcframework/macos-arm64_x86_64/Headers/webrtc-audio-processing-1",
				);
				LIBRARY_SEARCH_PATHS = (
					"$(inherited)",
					"$(PROJECT_DIR)/Muesli/Frameworks/webrtc_audio_processing.xcframework/macos-arm64_x86_64",
				);
				OTHER_LDFLAGS = (
					"$(inherited)",
					"-lwebrtc-audio-all",
					"-lc++",
				);
				PRODUCT_BUNDLE_IDENTIFIER = com.muesli.app;
				PRODUCT_NAME = Muesli;
				SWIFT_EMIT_LOC_STRINGS = YES;
				SWIFT_OBJC_BRIDGING_HEADER = "Muesli/Muesli-Bridging-Header.h";
				SWIFT_VERSION = 6.0;
			};
			name = Debug;
		};
		A1000020241D1A1D00000001 /* Release */ = {
			isa = XCBuildConfiguration;
			baseConfigurationReference = V1000001241D1A1D00000090 /* Version.xcconfig */;
			buildSettings = {
				ASSETCATALOG_COMPILER_APPICON_NAME = AppIcon;
				ASSETCATALOG_COMPILER_GLOBAL_ACCENT_COLOR_NAME = AccentColor;
				CODE_SIGN_ENTITLEMENTS = Muesli/Muesli.entitlements;
				CODE_SIGN_STYLE = Automatic;
				COMBINE_HIDPI_IMAGES = YES;
				DEVELOPMENT_TEAM = J3Q35LXP2V;
				DEVELOPMENT_ASSET_PATHS = "";
			ENABLE_HARDENED_RUNTIME = YES;
			ENABLE_PREVIEWS = YES;
			GENERATE_INFOPLIST_FILE = YES;
			/* IMPORTANT: LSUIElement = NO shows app in Dock (see AGENTS.md). DO NOT change to YES - was accidentally reverted in commit e823aac */
			INFOPLIST_KEY_LSUIElement = NO;
			INFOPLIST_KEY_NSMicrophoneUsageDescription = "Muesli needs Microphone access to capture your voice during meetings.";
			INFOPLIST_KEY_NSScreenCaptureUsageDescription = "Muesli needs Screen Recording access to capture audio from meeting apps like Zoom, Teams, and Google Meet.";
			INFOPLIST_KEY_NSHumanReadableCopyright = "";
				LD_RUNPATH_SEARCH_PATHS = (
					"$(inherited)",
					"@executable_path/../Frameworks",
				);
				FRAMEWORK_SEARCH_PATHS = (
					"$(inherited)",
					"$(PROJECT_DIR)/Muesli/Frameworks",
				);
				HEADER_SEARCH_PATHS = (
					"$(inherited)",
					"$(PROJECT_DIR)/Muesli/Frameworks/webrtc_audio_processing.xcframework/macos-arm64_x86_64/Headers",
					"$(PROJECT_DIR)/Muesli/Frameworks/webrtc_audio_processing.xcframework/macos-arm64_x86_64/Headers/webrtc-audio-processing-1",
				);
				LIBRARY_SEARCH_PATHS = (
					"$(inherited)",
					"$(PROJECT_DIR)/Muesli/Frameworks/webrtc_audio_processing.xcframework/macos-arm64_x86_64",
				);
				OTHER_LDFLAGS = (
					"$(inherited)",
					"-lwebrtc-audio-all",
					"-lc++",
				);
				PRODUCT_BUNDLE_IDENTIFIER = com.muesli.app;
				PRODUCT_NAME = Muesli;
				SWIFT_EMIT_LOC_STRINGS = YES;
				SWIFT_OBJC_BRIDGING_HEADER = "Muesli/Muesli-Bridging-Header.h";
				SWIFT_VERSION = 6.0;
			};
			name = Release;
		};
		B1000024241D1A1D00000040 /* Debug */ = {
			isa = XCBuildConfiguration;
			buildSettings = {
				BUNDLE_LOADER = "$(TEST_HOST)";
				CODE_SIGN_STYLE = Automatic;
				CURRENT_PROJECT_VERSION = 1;
				DEVELOPMENT_TEAM = J3Q35LXP2V;
				GENERATE_INFOPLIST_FILE = YES;
				MACOSX_DEPLOYMENT_TARGET = 26.0;
				MARKETING_VERSION = 1.0;
				PRODUCT_BUNDLE_IDENTIFIER = "com.muesli.app.MuesliTests";
				PRODUCT_NAME = "$(TARGET_NAME)";
				SWIFT_EMIT_LOC_STRINGS = NO;
				SWIFT_VERSION = 6.0;
				TEST_HOST = "$(BUILT_PRODUCTS_DIR)/Muesli.app/Contents/MacOS/Muesli";
			};
			name = Debug;
		};
		B1000025241D1A1D00000040 /* Release */ = {
			isa = XCBuildConfiguration;
			buildSettings = {
				BUNDLE_LOADER = "$(TEST_HOST)";
				CODE_SIGN_STYLE = Automatic;
				CURRENT_PROJECT_VERSION = 1;
				DEVELOPMENT_TEAM = J3Q35LXP2V;
				GENERATE_INFOPLIST_FILE = YES;
				MACOSX_DEPLOYMENT_TARGET = 26.0;
				MARKETING_VERSION = 1.0;
				PRODUCT_BUNDLE_IDENTIFIER = "com.muesli.app.MuesliTests";
				PRODUCT_NAME = "$(TARGET_NAME)";
				SWIFT_EMIT_LOC_STRINGS = NO;
				SWIFT_VERSION = 6.0;
				TEST_HOST = "$(BUILT_PRODUCTS_DIR)/Muesli.app/Contents/MacOS/Muesli";
			};
			name = Release;
		};
/* End XCBuildConfiguration section */

/* Begin XCConfigurationList section */
		A100001B241D1A1D00000001 /* Build configuration list for PBXProject "Muesli" */ = {
			isa = XCConfigurationList;
			buildConfigurations = (
				A100001D241D1A1D00000001 /* Debug */,
				A100001E241D1A1D00000001 /* Release */,
			);
			defaultConfigurationIsVisible = 0;
			defaultConfigurationName = Release;
		};
		A1000017241D1A1D00000001 /* Build configuration list for PBXNativeTarget "Muesli" */ = {
			isa = XCConfigurationList;
			buildConfigurations = (
				A100001F241D1A1D00000001 /* Debug */,
				A1000020241D1A1D00000001 /* Release */,
			);
			defaultConfigurationIsVisible = 0;
			defaultConfigurationName = Release;
		};
		B1000020241D1A1D00000040 /* Build configuration list for PBXNativeTarget "MuesliTests" */ = {
			isa = XCConfigurationList;
			buildConfigurations = (
				B1000024241D1A1D00000040 /* Debug */,
				B1000025241D1A1D00000040 /* Release */,
			);
			defaultConfigurationIsVisible = 0;
			defaultConfigurationName = Release;
		};
/* End XCConfigurationList section */

/* Begin XCRemoteSwiftPackageReference section */
		A100001C241D1A1D00000001 /* XCRemoteSwiftPackageReference "WhisperKit" */ = {
			isa = XCRemoteSwiftPackageReference;
			repositoryURL = "https://github.com/argmaxinc/WhisperKit.git";
			requirement = {
				kind = upToNextMajorVersion;
				minimumVersion = 0.9.0;
			};
		};
		A1000092241D1A1D00000030 /* XCRemoteSwiftPackageReference "mlx-swift-examples" */ = {
			isa = XCRemoteSwiftPackageReference;
			repositoryURL = "https://github.com/ml-explore/mlx-swift-examples.git";
			requirement = {
				kind = revision;
				revision = b071763;
			};
		};
/* End XCRemoteSwiftPackageReference section */

/* Begin XCSwiftPackageProductDependency section */
		A1000008241D1A1D00000001 /* WhisperKit */ = {
			isa = XCSwiftPackageProductDependency;
			package = A100001C241D1A1D00000001 /* XCRemoteSwiftPackageReference "WhisperKit" */;
			productName = WhisperKit;
		};
		A1000091241D1A1D00000030 /* MLXLLM */ = {
			isa = XCSwiftPackageProductDependency;
			package = A1000092241D1A1D00000030 /* XCRemoteSwiftPackageReference "mlx-swift-examples" */;
			productName = MLXLLM;
		};
		A1000094241D1A1D00000031 /* MLXLMCommon */ = {
			isa = XCSwiftPackageProductDependency;
			package = A1000092241D1A1D00000030 /* XCRemoteSwiftPackageReference "mlx-swift-examples" */;
			productName = MLXLMCommon;
		};
/* End XCSwiftPackageProductDependency section */
	};
	rootObject = A100001A241D1A1D00000001 /* Project object */;
}
